
Microsoft Visual Studio Solution File, Format Version 12.00
# Visual Studio 15
VisualStudioVersion = 15.0.28010.2003
MinimumVisualStudioVersion = 10.0.40219.1
Project("{9A19103F-16F7-4668-BE54-9A1E7A4F7556}") = "SplitWiseBot", "SplitWiseBot\SplitWiseBot.csproj", "{ED1250D6-9481-43BE-A0E4-9A3C65DEA162}"
EndProject
Project("{9A19103F-16F7-4668-BE54-9A1E7A4F7556}") = "SplitWiseBot.Tests", "SplitWiseBot.Tests\SplitWiseBot.Tests.csproj", "{E5FA4A2E-DC5E-4DB5-986F-21E9BFE807C8}"
EndProject
Global
	GlobalSection(SolutionConfigurationPlatforms) = preSolution
		Debug|Any CPU = Debug|Any CPU
		Release|Any CPU = Release|Any CPU
	EndGlobalSection
	GlobalSection(ProjectConfigurationPlatforms) = postSolution
		{ED1250D6-9481-43BE-A0E4-9A3C65DEA162}.Debug|Any CPU.ActiveCfg = Debug|Any CPU
		{ED1250D6-9481-43BE-A0E4-9A3C65DEA162}.Debug|Any CPU.Build.0 = Debug|Any CPU
		{ED1250D6-9481-43BE-A0E4-9A3C65DEA162}.Release|Any CPU.ActiveCfg = Release|Any CPU
		{ED1250D6-9481-43BE-A0E4-9A3C65DEA162}.Release|Any CPU.Build.0 = Release|Any CPU
		{E5FA4A2E-DC5E-4DB5-986F-21E9BFE807C8}.Debug|Any CPU.ActiveCfg = Debug|Any CPU
		{E5FA4A2E-DC5E-4DB5-986F-21E9BFE807C8}.Debug|Any CPU.Build.0 = Debug|Any CPU
		{E5FA4A2E-DC5E-4DB5-986F-21E9BFE807C8}.Release|Any CPU.ActiveCfg = Release|Any CPU
		{E5FA4A2E-DC5E-4DB5-986F-21E9BFE807C8}.Release|Any CPU.Build.0 = Release|Any CPU
	EndGlobalSection
	GlobalSection(SolutionProperties) = preSolution
		HideSolutionNode = FALSE
	EndGlobalSection
	GlobalSection(ExtensibilityGlobals) = postSolution
		SolutionGuid = {952059FF-9D50-49A9-9ABB-26D2684A48DE}
	EndGlobalSection
EndGlobal
