
Microsoft Visual Studio Solution File, Format Version 12.00
# Visual Studio 15
VisualStudioVersion = 15.0.28010.2003
MinimumVisualStudioVersion = 10.0.40219.1
Project("{FAE04EC0-301F-11D3-BF4B-00C04F79EFBC}") = "LambdaTestApp", "LambdaTestApp\LambdaTestApp.csproj", "{4DF869FE-7BCE-435A-A835-DF268A76675D}"
EndProject
Project("{9A19103F-16F7-4668-BE54-9A1E7A4F7556}") = "AlexaLambda", "..\AlexaLambda\AlexaLambda\AlexaLambda.csproj", "{882DD80E-2181-480E-91A9-BF53040F9978}"
EndProject
Global
	GlobalSection(SolutionConfigurationPlatforms) = preSolution
		Debug|Any CPU = Debug|Any CPU
		Release|Any CPU = Release|Any CPU
	EndGlobalSection
	GlobalSection(ProjectConfigurationPlatforms) = postSolution
		{4DF869FE-7BCE-435A-A835-DF268A76675D}.Debug|Any CPU.ActiveCfg = Debug|Any CPU
		{4DF869FE-7BCE-435A-A835-DF268A76675D}.Debug|Any CPU.Build.0 = Debug|Any CPU
		{4DF869FE-7BCE-435A-A835-DF268A76675D}.Release|Any CPU.ActiveCfg = Release|Any CPU
		{4DF869FE-7BCE-435A-A835-DF268A76675D}.Release|Any CPU.Build.0 = Release|Any CPU
		{882DD80E-2181-480E-91A9-BF53040F9978}.Debug|Any CPU.ActiveCfg = Debug|Any CPU
		{882DD80E-2181-480E-91A9-BF53040F9978}.Debug|Any CPU.Build.0 = Debug|Any CPU
		{882DD80E-2181-480E-91A9-BF53040F9978}.Release|Any CPU.ActiveCfg = Release|Any CPU
		{882DD80E-2181-480E-91A9-BF53040F9978}.Release|Any CPU.Build.0 = Release|Any CPU
	EndGlobalSection
	GlobalSection(SolutionProperties) = preSolution
		HideSolutionNode = FALSE
	EndGlobalSection
	GlobalSection(ExtensibilityGlobals) = postSolution
		SolutionGuid = {634FF910-7CAB-46BA-A5B5-83C28D9799C6}
	EndGlobalSection
EndGlobal
